
Microsoft Visual Studio Solution File, Format Version 12.00
# Visual Studio Version 17
VisualStudioVersion = 17.14.36414.22
MinimumVisualStudioVersion = 10.0.40219.1
Project("{2150E333-8FDC-42A3-9474-1A3956D46DE8}") = "Services", "Services", "{02EA681E-C7D8-13C7-8484-4AC65E1B71E8}"
EndProject
Project("{2150E333-8FDC-42A3-9474-1A3956D46DE8}") = "Catalog", "Catalog", "{ECE24883-3A00-4376-B7C3-01398D3A6C79}"
EndProject
Project("{FAE04EC0-301F-11D3-BF4B-00C04F79EFBC}") = "Catalog.API", "Services\Catalog\Catalog.API\Catalog.API.csproj", "{2A865C0A-D621-4D23-BBDA-37C91F1397B8}"
EndProject
Project("{2150E333-8FDC-42A3-9474-1A3956D46DE8}") = "BuildingBlocks", "BuildingBlocks", "{90A737F3-B8EE-4638-B38C-1FF38B687AB7}"
EndProject
Project("{FAE04EC0-301F-11D3-BF4B-00C04F79EFBC}") = "BuildingBlocks", "BuildingBlocks\BuildingBlocks\BuildingBlocks.csproj", "{F3A4BDC2-BE5C-4B91-8E70-7C1E065E8660}"
EndProject
Project("{E53339B2-1760-4266-BCC7-CA923CBCF16C}") = "docker-compose", "docker-compose.dcproj", "{81DDED9D-158B-E303-5F62-77A2896D2A5A}"
EndProject
Project("{2150E333-8FDC-42A3-9474-1A3956D46DE8}") = "Basket", "Basket", "{4827DAAD-269C-446C-BBA6-4DF44DAAE23A}"
EndProject
Project("{FAE04EC0-301F-11D3-BF4B-00C04F79EFBC}") = "Basket.API", "Services\Basket\Basket.API\Basket.API.csproj", "{3B7941CB-3C60-4A94-8C82-5BCE01DE36FE}"
EndProject
Global
	GlobalSection(SolutionConfigurationPlatforms) = preSolution
		Debug|Any CPU = Debug|Any CPU
		Release|Any CPU = Release|Any CPU
	EndGlobalSection
	GlobalSection(ProjectConfigurationPlatforms) = postSolution
		{2A865C0A-D621-4D23-BBDA-37C91F1397B8}.Debug|Any CPU.ActiveCfg = Debug|Any CPU
		{2A865C0A-D621-4D23-BBDA-37C91F1397B8}.Debug|Any CPU.Build.0 = Debug|Any CPU
		{2A865C0A-D621-4D23-BBDA-37C91F1397B8}.Release|Any CPU.ActiveCfg = Release|Any CPU
		{2A865C0A-D621-4D23-BBDA-37C91F1397B8}.Release|Any CPU.Build.0 = Release|Any CPU
		{F3A4BDC2-BE5C-4B91-8E70-7C1E065E8660}.Debug|Any CPU.ActiveCfg = Debug|Any CPU
		{F3A4BDC2-BE5C-4B91-8E70-7C1E065E8660}.Debug|Any CPU.Build.0 = Debug|Any CPU
		{F3A4BDC2-BE5C-4B91-8E70-7C1E065E8660}.Release|Any CPU.ActiveCfg = Release|Any CPU
		{F3A4BDC2-BE5C-4B91-8E70-7C1E065E8660}.Release|Any CPU.Build.0 = Release|Any CPU
		{81DDED9D-158B-E303-5F62-77A2896D2A5A}.Debug|Any CPU.ActiveCfg = Debug|Any CPU
		{81DDED9D-158B-E303-5F62-77A2896D2A5A}.Debug|Any CPU.Build.0 = Debug|Any CPU
		{81DDED9D-158B-E303-5F62-77A2896D2A5A}.Release|Any CPU.ActiveCfg = Release|Any CPU
		{81DDED9D-158B-E303-5F62-77A2896D2A5A}.Release|Any CPU.Build.0 = Release|Any CPU
		{3B7941CB-3C60-4A94-8C82-5BCE01DE36FE}.Debug|Any CPU.ActiveCfg = Debug|Any CPU
		{3B7941CB-3C60-4A94-8C82-5BCE01DE36FE}.Debug|Any CPU.Build.0 = Debug|Any CPU
		{3B7941CB-3C60-4A94-8C82-5BCE01DE36FE}.Release|Any CPU.ActiveCfg = Release|Any CPU
		{3B7941CB-3C60-4A94-8C82-5BCE01DE36FE}.Release|Any CPU.Build.0 = Release|Any CPU
	EndGlobalSection
	GlobalSection(SolutionProperties) = preSolution
		HideSolutionNode = FALSE
	EndGlobalSection
	GlobalSection(NestedProjects) = preSolution
		{ECE24883-3A00-4376-B7C3-01398D3A6C79} = {02EA681E-C7D8-13C7-8484-4AC65E1B71E8}
		{2A865C0A-D621-4D23-BBDA-37C91F1397B8} = {ECE24883-3A00-4376-B7C3-01398D3A6C79}
		{F3A4BDC2-BE5C-4B91-8E70-7C1E065E8660} = {90A737F3-B8EE-4638-B38C-1FF38B687AB7}
		{4827DAAD-269C-446C-BBA6-4DF44DAAE23A} = {02EA681E-C7D8-13C7-8484-4AC65E1B71E8}
		{3B7941CB-3C60-4A94-8C82-5BCE01DE36FE} = {4827DAAD-269C-446C-BBA6-4DF44DAAE23A}
	EndGlobalSection
	GlobalSection(ExtensibilityGlobals) = postSolution
		SolutionGuid = {7D2C8173-9471-4E2C-8990-49F57AD07FA1}
	EndGlobalSection
EndGlobal
